
Microsoft Visual Studio Solution File, Format Version 12.00
# Visual Studio Version 17
VisualStudioVersion = 17.3.32901.215
MinimumVisualStudioVersion = 10.0.40219.1
Project("{FAE04EC0-301F-11D3-BF4B-00C04F79EFBC}") = "Zero Hunger", "Zero Hunger\Zero Hunger.csproj", "{B319C9DC-49C0-4035-AD67-DE13FFA94D69}"
EndProject
Global
	GlobalSection(SolutionConfigurationPlatforms) = preSolution
		Debug|Any CPU = Debug|Any CPU
		Release|Any CPU = Release|Any CPU
	EndGlobalSection
	GlobalSection(ProjectConfigurationPlatforms) = postSolution
		{B319C9DC-49C0-4035-AD67-DE13FFA94D69}.Debug|Any CPU.ActiveCfg = Debug|Any CPU
		{B319C9DC-49C0-4035-AD67-DE13FFA94D69}.Debug|Any CPU.Build.0 = Debug|Any CPU
		{B319C9DC-49C0-4035-AD67-DE13FFA94D69}.Release|Any CPU.ActiveCfg = Release|Any CPU
		{B319C9DC-49C0-4035-AD67-DE13FFA94D69}.Release|Any CPU.Build.0 = Release|Any CPU
	EndGlobalSection
	GlobalSection(SolutionProperties) = preSolution
		HideSolutionNode = FALSE
	EndGlobalSection
	GlobalSection(ExtensibilityGlobals) = postSolution
		SolutionGuid = {EB0F2F38-8461-4D92-AD40-D0CD440C36F8}
	EndGlobalSection
EndGlobal
